[[package]]
name = "argon2-cffi"
version = "19.2.0"
description = "The secure Argon2 password hashing algorithm."
category = "main"
optional = false
python-versions = "*"

[package.extras]
dev = ["coverage", "hypothesis", "pytest", "sphinx", "wheel", "pre-commit"]
docs = ["sphinx"]
tests = ["coverage", "hypothesis", "pytest"]

[package.dependencies]
cffi = ">=1.0.0"
six = "*"

[[package]]
name = "cffi"
version = "1.13.2"
description = "Foreign Function Interface for Python calling C code."
category = "main"
optional = false
python-versions = "*"

[package.dependencies]
pycparser = "*"

[[package]]
name = "construct"
version = "2.9.45"
description = "A powerful declarative symmetric parser/builder for binary data"
category = "main"
optional = false
python-versions = "*"

[package.extras]
extras = ["enum34", "numpy", "arrow", "ruamel.yaml"]

[[package]]
name = "evdev"
version = "1.3.0"
description = "Bindings to the Linux input handling subsystem"
category = "main"
optional = false
python-versions = "*"
marker = "sys_platform in \"linux\""

[[package]]
name = "future"
version = "0.18.2"
description = "Clean single-source support for Python 3 and 2"
category = "main"
optional = false
python-versions = ">=2.6, !=3.0.*, !=3.1.*, !=3.2.*"

[[package]]
name = "lxml"
version = "4.4.2"
description = "Powerful and Pythonic XML processing library combining libxml2/libxslt with the ElementTree API."
category = "main"
optional = false
python-versions = ">=2.7, !=3.0.*, !=3.1.*, !=3.2.*, !=3.3.*, != 3.4.*"

[package.extras]
cssselect = ["cssselect (>=0.7)"]
html5 = ["html5lib"]
htmlsoup = ["beautifulsoup4"]
source = ["Cython (>=0.29.7)"]

[[package]]
name = "pycparser"
version = "2.19"
description = "C parser in Python"
category = "main"
optional = false
python-versions = ">=2.7, !=3.0.*, !=3.1.*, !=3.2.*, !=3.3.*"

[[package]]
name = "pycryptodome"
version = "3.9.4"
description = "Cryptographic library for Python"
category = "main"
optional = false
python-versions = ">=2.6, !=3.0.*, !=3.1.*, !=3.2.*, !=3.3.*"

[[package]]
name = "pykeepass"
version = "3.1.2"
description = "Python library to interact with keepass databases (supports KDBX3 and KDBX4)"
category = "main"
optional = false
python-versions = "*"

[package.dependencies]
argon2-cffi = "*"
construct = "*"
future = "*"
lxml = "*"
pycryptodome = "*"
python-dateutil = "*"

[[package]]
name = "pynput"
version = "1.7.2"
description = "Monitor and control user input devices"
category = "main"
optional = false
python-versions = "*"

[package.dependencies]
evdev = ">=1.3"
pyobjc-framework-Quartz = ">=3.0"
python-xlib = ">=0.17"
six = "*"

[[package]]
name = "pyobjc-core"
version = "7.0.1"
description = "Python<->ObjC Interoperability Module"
category = "main"
optional = false
python-versions = ">=3.6"
marker = "sys_platform == \"darwin\""

[[package]]
name = "pyobjc-framework-cocoa"
version = "7.0.1"
description = "Wrappers for the Cocoa frameworks on macOS"
category = "main"
optional = false
python-versions = ">=3.6"
marker = "sys_platform == \"darwin\""

[package.dependencies]
pyobjc-core = ">=7.0.1"

[[package]]
name = "pyobjc-framework-quartz"
version = "7.0.1"
description = "Wrappers for the Quartz frameworks on macOS"
category = "main"
optional = false
python-versions = ">=3.6"
marker = "sys_platform == \"darwin\""

[package.dependencies]
pyobjc-core = ">=7.0.1"
pyobjc-framework-Cocoa = ">=7.0.1"

[[package]]
name = "python-dateutil"
version = "2.8.1"
description = "Extensions to the standard Python datetime module"
category = "main"
optional = false
python-versions = "!=3.0.*,!=3.1.*,!=3.2.*,>=2.7"

[package.dependencies]
six = ">=1.5"

[[package]]
name = "python-xlib"
version = "0.26"
description = "Python X Library"
category = "main"
optional = false
python-versions = "*"
marker = "sys_platform in \"linux\""

[package.dependencies]
six = ">=1.10.0"

[[package]]
name = "six"
version = "1.13.0"
description = "Python 2 and 3 compatibility utilities"
category = "main"
optional = false
python-versions = ">=2.6, !=3.0.*, !=3.1.*"

[[package]]
name = "xlib"
version = "0.21"
description = "Python X Library"
category = "main"
optional = false
python-versions = "*"

[package.dependencies]
six = ">=1.10.0"

[metadata]
lock-version = "1.0"
python-versions = "^3.7"
content-hash = "46bcba5c6abf6f3c60ac867ce99a0504a93f95e509cb18682dc288b4b9104592"

[metadata.files]
argon2-cffi = [
    {file = "argon2-cffi-19.2.0.tar.gz", hash = "sha256:ffaa623eea77b497ffbdd1a51e941b33d3bf552c60f14dbee274c4070677bda3"},
    {file = "argon2_cffi-19.2.0-cp27-cp27m-macosx_10_6_intel.whl", hash = "sha256:5335f4caae27c00097bdd17c6a07a0ef32f47364cff3141451229c481f82abc6"},
    {file = "argon2_cffi-19.2.0-cp27-cp27m-manylinux1_x86_64.whl", hash = "sha256:73976c0b9d0fc847f967835fce93a9d1c07bf7422f74de2316e25ef6d59ee07e"},
    {file = "argon2_cffi-19.2.0-cp27-cp27m-win32.whl", hash = "sha256:f2c7f3cd5fe6770fa21ee3d4bb7ba0e1c207e18ead511d912cbf9571c598c345"},
    {file = "argon2_cffi-19.2.0-cp27-cp27m-win_amd64.whl", hash = "sha256:0abe0ab4f3ba927367812a5c345dc6ae7d58129e0c47732746da8058cccdfd55"},
    {file = "argon2_cffi-19.2.0-cp27-cp27mu-manylinux1_x86_64.whl", hash = "sha256:27cb7791793a854ca9f9de5cc62e93c1a7812d11d600ef3ca14fe93ae7426799"},
    {file = "argon2_cffi-19.2.0-cp34-abi3-macosx_10_6_intel.whl", hash = "sha256:00e94a65d46c3f6f2ffab769e860efc21f77e55bd8fcdfde422bd07c632b3fcc"},
    {file = "argon2_cffi-19.2.0-cp34-abi3-manylinux1_x86_64.whl", hash = "sha256:49ec16a14e8182ed63daa5d7a13d12da6bfc46eebaac4b238c8d15533b621cf0"},
    {file = "argon2_cffi-19.2.0-cp34-cp34m-win32.whl", hash = "sha256:748b565d4006a7e9f2b71f9d6ff660b4e150cc38faa29ca1b64b58e238c013b0"},
    {file = "argon2_cffi-19.2.0-cp34-cp34m-win_amd64.whl", hash = "sha256:0920cfe813cd82e85c4fa84c8a01801a7cb376a8ed8267a1608e70a886953ac7"},
    {file = "argon2_cffi-19.2.0-cp35-cp35m-win32.whl", hash = "sha256:f79045e7673d72ed0f33d78a5e104702f989eb1a0e0eb0ab5534cebc9cdb9142"},
    {file = "argon2_cffi-19.2.0-cp35-cp35m-win_amd64.whl", hash = "sha256:e09d644829887c956478db83c47d1ad26f167b8f08e2ccebc6b78e59aeca60b5"},
    {file = "argon2_cffi-19.2.0-cp36-cp36m-win32.whl", hash = "sha256:246860c7955aa614518a19277b06dda34902c54535aefd9220d07c774391890e"},
    {file = "argon2_cffi-19.2.0-cp36-cp36m-win_amd64.whl", hash = "sha256:13082f670904dcb7f4ef39216139ace2d981f9050a8f3766e566f845e8c634fc"},
    {file = "argon2_cffi-19.2.0-cp37-cp37m-win32.whl", hash = "sha256:184fee11f483b9168a32afaea8064abe464c1bb090d320f64f3609f1bbbdb691"},
    {file = "argon2_cffi-19.2.0-cp37-cp37m-win_amd64.whl", hash = "sha256:e27488da690afac92e87cb61ba9cf9a22bff790413f55655ad017456cd58f22c"},
    {file = "argon2_cffi-19.2.0-cp38-cp38-win32.whl", hash = "sha256:72fae6bf37c25fdb9b4d30c2b9d658a72ac775249dd132ab3ac03adde619dc14"},
    {file = "argon2_cffi-19.2.0-cp38-cp38-win_amd64.whl", hash = "sha256:61d2b16c08ce5c24f91d2d2917c2300a90bb78672060876a335e1014727ced57"},
]
cffi = [
    {file = "cffi-1.13.2-cp27-cp27m-macosx_10_6_intel.whl", hash = "sha256:3c9fff570f13480b201e9ab69453108f6d98244a7f495e91b6c654a47486ba43"},
    {file = "cffi-1.13.2-cp27-cp27m-manylinux1_i686.whl", hash = "sha256:2c5e309ec482556397cb21ede0350c5e82f0eb2621de04b2633588d118da4396"},
    {file = "cffi-1.13.2-cp27-cp27m-manylinux1_x86_64.whl", hash = "sha256:19db0cdd6e516f13329cba4903368bff9bb5a9331d3410b1b448daaadc495e54"},
    {file = "cffi-1.13.2-cp27-cp27m-win32.whl", hash = "sha256:5c4fae4e9cdd18c82ba3a134be256e98dc0596af1e7285a3d2602c97dcfa5159"},
    {file = "cffi-1.13.2-cp27-cp27m-win_amd64.whl", hash = "sha256:32a262e2b90ffcfdd97c7a5e24a6012a43c61f1f5a57789ad80af1d26c6acd97"},
    {file = "cffi-1.13.2-cp27-cp27mu-manylinux1_i686.whl", hash = "sha256:4a43c91840bda5f55249413037b7a9b79c90b1184ed504883b72c4df70778579"},
    {file = "cffi-1.13.2-cp27-cp27mu-manylinux1_x86_64.whl", hash = "sha256:8169cf44dd8f9071b2b9248c35fc35e8677451c52f795daa2bb4643f32a540bc"},
    {file = "cffi-1.13.2-cp34-cp34m-macosx_10_6_intel.whl", hash = "sha256:71a608532ab3bd26223c8d841dde43f3516aa5d2bf37b50ac410bb5e99053e8f"},
    {file = "cffi-1.13.2-cp34-cp34m-manylinux1_i686.whl", hash = "sha256:7f627141a26b551bdebbc4855c1157feeef18241b4b8366ed22a5c7d672ef858"},
    {file = "cffi-1.13.2-cp34-cp34m-manylinux1_x86_64.whl", hash = "sha256:0b49274afc941c626b605fb59b59c3485c17dc776dc3cc7cc14aca74cc19cc42"},
    {file = "cffi-1.13.2-cp34-cp34m-win32.whl", hash = "sha256:4424e42199e86b21fc4db83bd76909a6fc2a2aefb352cb5414833c030f6ed71b"},
    {file = "cffi-1.13.2-cp34-cp34m-win_amd64.whl", hash = "sha256:7d4751da932caaec419d514eaa4215eaf14b612cff66398dd51129ac22680b20"},
    {file = "cffi-1.13.2-cp35-cp35m-macosx_10_6_intel.whl", hash = "sha256:ccb032fda0873254380aa2bfad2582aedc2959186cce61e3a17abc1a55ff89c3"},
    {file = "cffi-1.13.2-cp35-cp35m-manylinux1_i686.whl", hash = "sha256:dcd65317dd15bc0451f3e01c80da2216a31916bdcffd6221ca1202d96584aa25"},
    {file = "cffi-1.13.2-cp35-cp35m-manylinux1_x86_64.whl", hash = "sha256:135f69aecbf4517d5b3d6429207b2dff49c876be724ac0c8bf8e1ea99df3d7e5"},
    {file = "cffi-1.13.2-cp35-cp35m-win32.whl", hash = "sha256:7b93a885bb13073afb0aa73ad82059a4c41f4b7d8eb8368980448b52d4c7dc2c"},
    {file = "cffi-1.13.2-cp35-cp35m-win_amd64.whl", hash = "sha256:e570d3ab32e2c2861c4ebe6ffcad6a8abf9347432a37608fe1fbd157b3f0036b"},
    {file = "cffi-1.13.2-cp36-cp36m-macosx_10_6_intel.whl", hash = "sha256:0e3ea92942cb1168e38c05c1d56b0527ce31f1a370f6117f1d490b8dcd6b3a04"},
    {file = "cffi-1.13.2-cp36-cp36m-manylinux1_i686.whl", hash = "sha256:5ecfa867dea6fabe2a58f03ac9186ea64da1386af2159196da51c4904e11d652"},
    {file = "cffi-1.13.2-cp36-cp36m-manylinux1_x86_64.whl", hash = "sha256:291f7c42e21d72144bb1c1b2e825ec60f46d0a7468f5346841860454c7aa8f57"},
    {file = "cffi-1.13.2-cp36-cp36m-win32.whl", hash = "sha256:62f2578358d3a92e4ab2d830cd1c2049c9c0d0e6d3c58322993cc341bdeac22e"},
    {file = "cffi-1.13.2-cp36-cp36m-win_amd64.whl", hash = "sha256:fd43a88e045cf992ed09fa724b5315b790525f2676883a6ea64e3263bae6549d"},
    {file = "cffi-1.13.2-cp37-cp37m-macosx_10_6_intel.whl", hash = "sha256:d75c461e20e29afc0aee7172a0950157c704ff0dd51613506bd7d82b718e7410"},
    {file = "cffi-1.13.2-cp37-cp37m-manylinux1_i686.whl", hash = "sha256:aa00d66c0fab27373ae44ae26a66a9e43ff2a678bf63a9c7c1a9a4d61172827a"},
    {file = "cffi-1.13.2-cp37-cp37m-manylinux1_x86_64.whl", hash = "sha256:2e9c80a8c3344a92cb04661115898a9129c074f7ab82011ef4b612f645939f12"},
    {file = "cffi-1.13.2-cp37-cp37m-win32.whl", hash = "sha256:d754f39e0d1603b5b24a7f8484b22d2904fa551fe865fd0d4c3332f078d20d4e"},
    {file = "cffi-1.13.2-cp37-cp37m-win_amd64.whl", hash = "sha256:6471a82d5abea994e38d2c2abc77164b4f7fbaaf80261cb98394d5793f11b12a"},
    {file = "cffi-1.13.2-cp38-cp38-macosx_10_9_x86_64.whl", hash = "sha256:74a1d8c85fb6ff0b30fbfa8ad0ac23cd601a138f7509dc617ebc65ef305bb98d"},
    {file = "cffi-1.13.2-cp38-cp38-manylinux1_i686.whl", hash = "sha256:42194f54c11abc8583417a7cf4eaff544ce0de8187abaf5d29029c91b1725ad3"},
    {file = "cffi-1.13.2-cp38-cp38-manylinux1_x86_64.whl", hash = "sha256:415bdc7ca8c1c634a6d7163d43fb0ea885a07e9618a64bda407e04b04333b7db"},
    {file = "cffi-1.13.2-cp38-cp38-win32.whl", hash = "sha256:6d4f18483d040e18546108eb13b1dfa1000a089bcf8529e30346116ea6240506"},
    {file = "cffi-1.13.2-cp38-cp38-win_amd64.whl", hash = "sha256:2781e9ad0e9d47173c0093321bb5435a9dfae0ed6a762aabafa13108f5f7b2ba"},
    {file = "cffi-1.13.2.tar.gz", hash = "sha256:599a1e8ff057ac530c9ad1778293c665cb81a791421f46922d80a86473c13346"},
]
construct = [
    {file = "construct-2.9.45.tar.gz", hash = "sha256:2271a0efd0798679dea825ff47e22a4c550456a5db0ba8baa82f7eae0af0118c"},
]
evdev = [
    {file = "evdev-1.3.0.tar.gz", hash = "sha256:b1c649b4fed7252711011da235782b2c260b32e004058d62473471e5cd30634d"},
]
future = [
    {file = "future-0.18.2.tar.gz", hash = "sha256:b1bead90b70cf6ec3f0710ae53a525360fa360d306a86583adc6bf83a4db537d"},
]
lxml = [
    {file = "lxml-4.4.2-cp27-cp27m-macosx_10_6_intel.macosx_10_9_intel.macosx_10_9_x86_64.macosx_10_10_intel.macosx_10_10_x86_64.whl", hash = "sha256:7b4fc7b1ecc987ca7aaf3f4f0e71bbfbd81aaabf87002558f5bc95da3a865bcd"},
    {file = "lxml-4.4.2-cp27-cp27m-manylinux1_i686.whl", hash = "sha256:f6ed60a62c5f1c44e789d2cf14009423cb1646b44a43e40a9cf6a21f077678a1"},
    {file = "lxml-4.4.2-cp27-cp27m-manylinux1_x86_64.whl", hash = "sha256:4fcc472ef87f45c429d3b923b925704aa581f875d65bac80f8ab0c3296a63f78"},
    {file = "lxml-4.4.2-cp27-cp27m-win32.whl", hash = "sha256:ad9b81351fdc236bda538efa6879315448411a81186c836d4b80d6ca8217cdb9"},
    {file = "lxml-4.4.2-cp27-cp27m-win_amd64.whl", hash = "sha256:8f54f0924d12c47a382c600c880770b5ebfc96c9fd94cf6f6bdc21caf6163ea7"},
    {file = "lxml-4.4.2-cp27-cp27mu-manylinux1_i686.whl", hash = "sha256:217262fcf6a4c2e1c7cb1efa08bd9ebc432502abc6c255c4abab611e8be0d14d"},
    {file = "lxml-4.4.2-cp27-cp27mu-manylinux1_x86_64.whl", hash = "sha256:6e74d5f4d6ecd6942375c52ffcd35f4318a61a02328f6f1bd79fcb4ffedf969e"},
    {file = "lxml-4.4.2-cp35-cp35m-manylinux1_i686.whl", hash = "sha256:13cf89be53348d1c17b453867da68704802966c433b2bb4fa1f970daadd2ef70"},
    {file = "lxml-4.4.2-cp35-cp35m-manylinux1_x86_64.whl", hash = "sha256:cf4650942de5e5685ad308e22bcafbccfe37c54aa7c0e30cd620c2ee5c93d336"},
    {file = "lxml-4.4.2-cp35-cp35m-win32.whl", hash = "sha256:0571e607558665ed42e450d7bf0e2941d542c18e117b1ebbf0ba72f287ad841c"},
    {file = "lxml-4.4.2-cp35-cp35m-win_amd64.whl", hash = "sha256:3213f753e8ae86c396e0e066866e64c6b04618e85c723b32ecb0909885211f74"},
    {file = "lxml-4.4.2-cp36-cp36m-macosx_10_6_intel.macosx_10_9_intel.macosx_10_9_x86_64.macosx_10_10_intel.macosx_10_10_x86_64.whl", hash = "sha256:4690984a4dee1033da0af6df0b7a6bde83f74e1c0c870623797cec77964de34d"},
    {file = "lxml-4.4.2-cp36-cp36m-manylinux1_i686.whl", hash = "sha256:0e3f04a7615fdac0be5e18b2406529521d6dbdb0167d2a690ee328bef7807487"},
    {file = "lxml-4.4.2-cp36-cp36m-manylinux1_x86_64.whl", hash = "sha256:e301055deadfedbd80cf94f2f65ff23126b232b0d1fea28f332ce58137bcdb18"},
    {file = "lxml-4.4.2-cp36-cp36m-win32.whl", hash = "sha256:223e544828f1955daaf4cefbb4853bc416b2ec3fd56d4f4204a8b17007c21250"},
    {file = "lxml-4.4.2-cp36-cp36m-win_amd64.whl", hash = "sha256:c3c289762cc09735e2a8f8a49571d0e8b4f57ea831ea11558247b5bdea0ac4db"},
    {file = "lxml-4.4.2-cp37-cp37m-macosx_10_6_intel.macosx_10_9_intel.macosx_10_9_x86_64.macosx_10_10_intel.macosx_10_10_x86_64.whl", hash = "sha256:00ac0d64949fef6b3693813fe636a2d56d97a5a49b5bbb86e4cc4cc50ebc9ea2"},
    {file = "lxml-4.4.2-cp37-cp37m-manylinux1_i686.whl", hash = "sha256:cfcbc33c9c59c93776aa41ab02e55c288a042211708b72fdb518221cc803abc8"},
    {file = "lxml-4.4.2-cp37-cp37m-manylinux1_x86_64.whl", hash = "sha256:61409bd745a265a742f2693e4600e4dbd45cc1daebe1d5fad6fcb22912d44145"},
    {file = "lxml-4.4.2-cp37-cp37m-win32.whl", hash = "sha256:678f1963f755c5d9f5f6968dded7b245dd1ece8cf53c1aa9d80e6734a8c7f41d"},
    {file = "lxml-4.4.2-cp37-cp37m-win_amd64.whl", hash = "sha256:6c6d03549d4e2734133badb9ab1c05d9f0ef4bcd31d83e5d2b4747c85cfa21da"},
    {file = "lxml-4.4.2-cp38-cp38-manylinux1_i686.whl", hash = "sha256:ebbfe24df7f7b5c6c7620702496b6419f6a9aa2fd7f005eb731cc80d7b4692b9"},
    {file = "lxml-4.4.2-cp38-cp38-manylinux1_x86_64.whl", hash = "sha256:277cb61fede2f95b9c61912fefb3d43fbd5f18bf18a14fae4911b67984486f5d"},
    {file = "lxml-4.4.2-cp38-cp38-win32.whl", hash = "sha256:bbd00e21ea17f7bcc58dccd13869d68441b32899e89cf6cfa90d624a9198ce85"},
    {file = "lxml-4.4.2-cp38-cp38-win_amd64.whl", hash = "sha256:7ed386a40e172ddf44c061ad74881d8622f791d9af0b6f5be20023029129bc85"},
    {file = "lxml-4.4.2.tar.gz", hash = "sha256:eff69ddbf3ad86375c344339371168640951c302450c5d3e9936e98d6459db06"},
]
pycparser = [
    {file = "pycparser-2.19.tar.gz", hash = "sha256:a988718abfad80b6b157acce7bf130a30876d27603738ac39f140993246b25b3"},
]
pycryptodome = [
    {file = "pycryptodome-3.9.4-cp27-cp27m-macosx_10_6_intel.whl", hash = "sha256:6c2720696b10ae356040e888bde1239b8957fe18885ccf5e7b4e8dec882f0856"},
    {file = "pycryptodome-3.9.4-cp27-cp27m-manylinux1_i686.whl", hash = "sha256:5c485ed6e9718ebcaa81138fa70ace9c563d202b56a8cee119b4085b023931f5"},
    {file = "pycryptodome-3.9.4-cp27-cp27m-manylinux1_x86_64.whl", hash = "sha256:56fdd0e425f1b8fd3a00b6d96351f86226674974814c50534864d0124d48871f"},
    {file = "pycryptodome-3.9.4-cp27-cp27m-win32.whl", hash = "sha256:2de33ed0a95855735d5a0fc0c39603314df9e78ee8bbf0baa9692fb46b3b8bbb"},
    {file = "pycryptodome-3.9.4-cp27-cp27m-win_amd64.whl", hash = "sha256:eec0689509389f19875f66ae8dedd59f982240cdab31b9f78a8dc266011df93a"},
    {file = "pycryptodome-3.9.4-cp27-cp27mu-manylinux1_i686.whl", hash = "sha256:68fab8455efcbfe87c5d75015476f9b606227ffe244d57bfd66269451706e899"},
    {file = "pycryptodome-3.9.4-cp27-cp27mu-manylinux1_x86_64.whl", hash = "sha256:4b9533d4166ca07abdd49ce9d516666b1df944997fe135d4b21ac376aa624aff"},
    {file = "pycryptodome-3.9.4-cp34-cp34m-manylinux1_i686.whl", hash = "sha256:d3fe3f33ad52bf0c19ee6344b695ba44ffbfa16f3c29ca61116b48d97bd970fb"},
    {file = "pycryptodome-3.9.4-cp34-cp34m-manylinux1_x86_64.whl", hash = "sha256:319e568baf86620b419d53063b18c216abf924875966efdfe06891b987196a45"},
    {file = "pycryptodome-3.9.4-cp34-cp34m-win32.whl", hash = "sha256:042ae873baadd0c33b4d699a5c5b976ade3233a979d972f98ca82314632d868c"},
    {file = "pycryptodome-3.9.4-cp34-cp34m-win_amd64.whl", hash = "sha256:a30f501bbb32e01a49ef9e09ca1260e5ab49bf33a257080ec553e08997acc487"},
    {file = "pycryptodome-3.9.4-cp35-cp35m-macosx_10_6_intel.whl", hash = "sha256:b55c60c321ac91945c60a40ac9896ac7a3d432bb3e8c14006dfd82ad5871c331"},
    {file = "pycryptodome-3.9.4-cp35-cp35m-manylinux1_i686.whl", hash = "sha256:9d9945ac8375d5d8e60bd2a2e1df5882eaa315522eedf3ca868b1546dfa34eba"},
    {file = "pycryptodome-3.9.4-cp35-cp35m-manylinux1_x86_64.whl", hash = "sha256:4372ec7518727172e1605c0843cdc5375d4771e447b8148c787b860260aae151"},
    {file = "pycryptodome-3.9.4-cp35-cp35m-win32.whl", hash = "sha256:0502876279772b1384b660ccc91563d04490d562799d8e2e06b411e2d81128a9"},
    {file = "pycryptodome-3.9.4-cp35-cp35m-win_amd64.whl", hash = "sha256:72166c2ac520a5dbd2d90208b9c279161ec0861662a621892bd52fb6ca13ab91"},
    {file = "pycryptodome-3.9.4-cp36-cp36m-macosx_10_6_intel.whl", hash = "sha256:b4af098f2a50f8d048ab12cabb59456585c0acf43d90ee79782d2d6d0ed59dba"},
    {file = "pycryptodome-3.9.4-cp36-cp36m-manylinux1_i686.whl", hash = "sha256:8a799bea3c6617736e914a2e77c409f52893d382f619f088f8a80e2e21f573c1"},
    {file = "pycryptodome-3.9.4-cp36-cp36m-manylinux1_x86_64.whl", hash = "sha256:7c52308ac5b834331b2f107a490b2c27de024a229b61df4cdc5c131d563dfe98"},
    {file = "pycryptodome-3.9.4-cp36-cp36m-win32.whl", hash = "sha256:63c103a22cbe9752f6ea9f1a0de129995bad91c4d03a66c67cffcf6ee0c9f1e1"},
    {file = "pycryptodome-3.9.4-cp36-cp36m-win_amd64.whl", hash = "sha256:54456cf85130e01674d21fb1ab89ffccacb138a8ade88d72fa2b0ac898d2798b"},
    {file = "pycryptodome-3.9.4-cp37-cp37m-macosx_10_6_intel.whl", hash = "sha256:aec4d42deb836b8fb3ba32f2ba1ef0d33dd3dc9d430b1479ee7a914490d15b5e"},
    {file = "pycryptodome-3.9.4-cp37-cp37m-manylinux1_i686.whl", hash = "sha256:896e9b6fd0762aa07b203c993fbbee7a1f1a4674c6886afd7bfa86f3d1be98a8"},
    {file = "pycryptodome-3.9.4-cp37-cp37m-manylinux1_x86_64.whl", hash = "sha256:57b1b707363490c495ad0eeb38bd1b0e1697c497af25fad78d3a1ebf0477fd5b"},
    {file = "pycryptodome-3.9.4-cp37-cp37m-win32.whl", hash = "sha256:87d8d85b4792ca5e730fb7a519fbc3ed976c59dcf79c5204589c59afd56b9926"},
    {file = "pycryptodome-3.9.4-cp37-cp37m-win_amd64.whl", hash = "sha256:e3a79a30d15d9c7c284a7734036ee8abdb5ca3a6f5774d293cdc9e1358c1dc10"},
    {file = "pycryptodome-3.9.4-cp38-cp38-macosx_10_9_x86_64.whl", hash = "sha256:48821950ffb9c836858d8fa09d7840b6df52eadd387a3c5acece55cb387743f9"},
    {file = "pycryptodome-3.9.4-cp38-cp38-manylinux1_i686.whl", hash = "sha256:cbfd97f9e060f0d30245cd29fa267a9a84de9da97559366fca0a3f7655acc63f"},
    {file = "pycryptodome-3.9.4-cp38-cp38-manylinux1_x86_64.whl", hash = "sha256:9ef966c727de942de3e41aa8462c4b7b4bca70f19af5a3f99e31376589c11aac"},
    {file = "pycryptodome-3.9.4-cp38-cp38-win32.whl", hash = "sha256:a8ca2450394d3699c9f15ef25e8de9a24b401933716a1e39d37fa01f5fe3c58b"},
    {file = "pycryptodome-3.9.4-cp38-cp38-win_amd64.whl", hash = "sha256:c53348358408d94869059e16fba5ff3bef8c52c25b18421472aba272b9bb450f"},
    {file = "pycryptodome-3.9.4.tar.gz", hash = "sha256:a168e73879619b467072509a223282a02c8047d932a48b74fbd498f27224aa04"},
]
pykeepass = [
    {file = "pykeepass-3.1.2-py3-none-any.whl", hash = "sha256:2f21be323c31f571c921ba450c05361f816e6c9eb09da9903a82250fb0ef8b11"},
    {file = "pykeepass-3.1.2.tar.gz", hash = "sha256:280b0884243d059df888a61fd3fc77b2ea76dce4fdb1c1f60f3ab9139ca1259c"},
]
pynput = [
    {file = "pynput-1.7.2-py2.py3-none-any.whl", hash = "sha256:3ee18347a20be07b7185c9aa29f37c75d322f85ac8ec689ebb49ee39fa9dcb94"},
    {file = "pynput-1.7.2-py3.8.egg", hash = "sha256:65b3e826cc8f3397b67cd34bd1e0d340a1194f926cabd8b3bed8285c6af93dfd"},
    {file = "pynput-1.7.2.tar.gz", hash = "sha256:dd8b1ff2451e2b76c753e115ab20b6cfa73801c395f22987474f942726558fec"},
]
pyobjc-core = [
    {file = "pyobjc-core-7.0.1.tar.gz", hash = "sha256:7213bfd48c49f5b4d479256924e0120d728ed449de8188cba9e204c434ed07f2"},
    {file = "pyobjc_core-7.0.1-cp37-cp37m-macosx_10_9_x86_64.whl", hash = "sha256:6f84a5744e44ec709daca1e66b95c3c010e4159bc2cfc442c27c0d28b0456eda"},
    {file = "pyobjc_core-7.0.1-cp38-cp38-macosx_10_9_x86_64.whl", hash = "sha256:e2fdba7997d5c9d518256f9d2e9f7780fcc6332b0371207374f38d7e9fad7bc8"},
    {file = "pyobjc_core-7.0.1-cp39-cp39-macosx_10_9_x86_64.whl", hash = "sha256:758cf96f3848c6e177d6ad94d44fec1b9ea5e32ca066513184d8f1e70d71ff6e"},
    {file = "pyobjc_core-7.0.1-cp39-cp39-macosx_11_0_universal2.whl", hash = "sha256:61c756c9bd5c55e9137cf0549f1d931dd1e1bff30a1cc97e46e55b94d5dc5d97"},
]
pyobjc-framework-cocoa = [
    {file = "pyobjc-framework-Cocoa-7.0.1.tar.gz", hash = "sha256:8a545b47b2021884bd8e5644ac32ee6d99a1f8e6a45cab3e6d1b999adf968630"},
    {file = "pyobjc_framework_Cocoa-7.0.1-cp37-cp37m-macosx_10_9_x86_64.whl", hash = "sha256:4675accc4720b42f456a35ba7cdd9e1cb44b9b84fcc600beef120ae05d2c5d27"},
    {file = "pyobjc_framework_Cocoa-7.0.1-cp38-cp38-macosx_10_9_x86_64.whl", hash = "sha256:42e106c3d688e66b1032b0819daa842a78eff6f7646b5af4be8774d0c8f5e200"},
    {file = "pyobjc_framework_Cocoa-7.0.1-cp39-cp39-macosx_10_9_x86_64.whl", hash = "sha256:8aa715fa1ff367330fc58eadc1747e222bdf854b9ece6936487c9c4f4e2627d3"},
    {file = "pyobjc_framework_Cocoa-7.0.1-cp39-cp39-macosx_11_0_universal2.whl", hash = "sha256:1d9de6b0612a5e24899522a797425c834405a536db41ba06a19df01b7008eeae"},
]
pyobjc-framework-quartz = [
    {file = "pyobjc-framework-Quartz-7.0.1.tar.gz", hash = "sha256:8d76cabfbae38102301f44f1edb3ab4c959f18ed0c828cfff1693a3c559945ef"},
    {file = "pyobjc_framework_Quartz-7.0.1-cp37-cp37m-macosx_10_9_x86_64.whl", hash = "sha256:fbf8d816da04f0705707906fb751bd360d652914ace3989ed6e55ff6a7a79c62"},
    {file = "pyobjc_framework_Quartz-7.0.1-cp38-cp38-macosx_10_9_x86_64.whl", hash = "sha256:a1854a0b8baea76e6c43812ecf26dd6fc5a11e9cada212b36bf35e23e670750c"},
    {file = "pyobjc_framework_Quartz-7.0.1-cp39-cp39-macosx_10_9_x86_64.whl", hash = "sha256:019982c0c1a74e68f29c9f961292d4c752a8fdd6d806197a73a41aa6c9fa00a9"},
    {file = "pyobjc_framework_Quartz-7.0.1-cp39-cp39-macosx_11_0_universal2.whl", hash = "sha256:9be4d99d04abd9f9147cc9e83b87324efc0b832320caee310defc71798201816"},
]
python-dateutil = [
    {file = "python-dateutil-2.8.1.tar.gz", hash = "sha256:73ebfe9dbf22e832286dafa60473e4cd239f8592f699aa5adaf10050e6e1823c"},
    {file = "python_dateutil-2.8.1-py2.py3-none-any.whl", hash = "sha256:75bb3f31ea686f1197762692a9ee6a7550b59fc6ca3a1f4b5d7e32fb98e2da2a"},
]
python-xlib = [
    {file = "python-xlib-0.26.tar.bz2", hash = "sha256:b819c7e5f55830305919d78ea42b0cbd5e13687f5d12aa53556c33674b9876df"},
    {file = "python_xlib-0.26-py2.py3-none-any.whl", hash = "sha256:244570b93cb82f5ceea3e4c861b4a0fffcea36947efa10fd63b7aa69d30047a8"},
]
six = [
    {file = "six-1.13.0-py2.py3-none-any.whl", hash = "sha256:1f1b7d42e254082a9db6279deae68afb421ceba6158efa6131de7b3003ee93fd"},
    {file = "six-1.13.0.tar.gz", hash = "sha256:30f610279e8b2578cab6db20741130331735c781b56053c59c4076da27f06b66"},
]
xlib = [
    {file = "xlib-0.21-py2.py3-none-any.whl", hash = "sha256:8eee67dad83ef4b82bbbfa85d51eeb20c79d12b119fe25aa1d27bd602ff82212"},
    {file = "xlib-0.21.tar.gz", hash = "sha256:60b7cd5d90f5d5922d9ce27b61589c07d970796558d417461db7b66e366bc401"},
]
